# THIS IS AN AUTOGENERATED FILE. DO NOT EDIT THIS FILE DIRECTLY.
# yarn lockfile v1


"@types/line-reader@^0.0.34":
  version "0.0.34"
  resolved "https://registry.yarnpkg.com/@types/line-reader/-/line-reader-0.0.34.tgz#f5b73305c5610aec62b10c2d7743f8788460960d"
  integrity sha512-r6RzbnrY+IoBgDIO4P6l2a+/ad+YCLe/htv7hp+Oqsqeb7cJbV3keKpg07ZlLlk3ZJz9xozNO8lFOiKRux234Q==
  dependencies:
    "@types/node" "*"

"@types/node@*", "@types/node@^17.0.17":
  version "17.0.17"
  resolved "https://registry.yarnpkg.com/@types/node/-/node-17.0.17.tgz#a8ddf6e0c2341718d74ee3dc413a13a042c45a0c"
  integrity sha512-e8PUNQy1HgJGV3iU/Bp2+D/DXh3PYeyli8LgIwsQcs1Ar1LoaWHSIT6Rw+H2rNJmiq6SNWiDytfx8+gYj7wDHw==

line-reader@^0.4.0:
  version "0.4.0"
  resolved "https://registry.yarnpkg.com/line-reader/-/line-reader-0.4.0.tgz#17e44818da0ac335675ba300954f94ef670e66fd"
  integrity sha1-F+RIGNoKwzVnW6MAlU+U72cOZv0=

typescript@^4.5.5:
  version "4.5.5"
  resolved "https://registry.yarnpkg.com/typescript/-/typescript-4.5.5.tgz#d8c953832d28924a9e3d37c73d729c846c5896f3"
  integrity sha512-TCTIul70LyWe6IJWT8QSYeA54WQe8EjQFU4wY52Fasj5UKx88LNYKCgBEHcOMOrFF1rKGbD8v/xcNWVUq9SymA==
